
Microsoft Visual Studio Solution File, Format Version 12.00
# Visual Studio Version 17
VisualStudioVersion = 17.2.32616.157
MinimumVisualStudioVersion = 10.0.40219.1
Project("{FAE04EC0-301F-11D3-BF4B-00C04F79EFBC}") = "MongoDbSample", "MongoDbSample\MongoDbSample.csproj", "{9E7B5A3D-C90E-4C82-B70A-DC47E6FFB021}"
EndProject
Project("{FAE04EC0-301F-11D3-BF4B-00C04F79EFBC}") = "MongoDataAccess", "MongoDataAccess\MongoDataAccess.csproj", "{924D149D-6860-4FB7-8E21-07CB696D7A54}"
EndProject
Global
	GlobalSection(SolutionConfigurationPlatforms) = preSolution
		Debug|Any CPU = Debug|Any CPU
		Release|Any CPU = Release|Any CPU
	EndGlobalSection
	GlobalSection(ProjectConfigurationPlatforms) = postSolution
		{9E7B5A3D-C90E-4C82-B70A-DC47E6FFB021}.Debug|Any CPU.ActiveCfg = Debug|Any CPU
		{9E7B5A3D-C90E-4C82-B70A-DC47E6FFB021}.Debug|Any CPU.Build.0 = Debug|Any CPU
		{9E7B5A3D-C90E-4C82-B70A-DC47E6FFB021}.Release|Any CPU.ActiveCfg = Release|Any CPU
		{9E7B5A3D-C90E-4C82-B70A-DC47E6FFB021}.Release|Any CPU.Build.0 = Release|Any CPU
		{924D149D-6860-4FB7-8E21-07CB696D7A54}.Debug|Any CPU.ActiveCfg = Debug|Any CPU
		{924D149D-6860-4FB7-8E21-07CB696D7A54}.Debug|Any CPU.Build.0 = Debug|Any CPU
		{924D149D-6860-4FB7-8E21-07CB696D7A54}.Release|Any CPU.ActiveCfg = Release|Any CPU
		{924D149D-6860-4FB7-8E21-07CB696D7A54}.Release|Any CPU.Build.0 = Release|Any CPU
	EndGlobalSection
	GlobalSection(SolutionProperties) = preSolution
		HideSolutionNode = FALSE
	EndGlobalSection
	GlobalSection(ExtensibilityGlobals) = postSolution
		SolutionGuid = {C942D143-73A5-4E67-8103-884CAB192DD1}
	EndGlobalSection
EndGlobal
